<?xml version="1.0" encoding="utf-8"?>
<Project ToolsVersion="4.0" xmlns="http://schemas.microsoft.com/developer/msbuild/2003">
  <ItemGroup>
    <Filter Include="Header Files">
      <UniqueIdentifier>{93995380-89BD-4b04-88EB-625FBE52EBFB}</UniqueIdentifier>
      <Extensions>h;hpp;hxx;hm;inl;inc;xsd</Extensions>
    </Filter>
    <Filter Include="Resources">
      <UniqueIdentifier>{e0abc11f-b3f3-45c4-978c-ce3d13ec0164}</UniqueIdentifier>
      <Extensions>rc;rc2</Extensions>
    </Filter>
    <Filter Include="Source Files">
      <UniqueIdentifier>{4FC737F1-C7A5-4376-A066-2A32D752A2FF}</UniqueIdentifier>
      <Extensions>cpp;c;cxx;def;odl;idl;hpj;bat;asm;asmx</Extensions>
    </Filter>
  </ItemGroup>
  <ItemGroup>
    <ClCompile Include="ConfigurationStore.cpp">
      <Filter>Source Files</Filter>
    </ClCompile>
    <ClCompile Include="ConfigWindow.cpp">
      <Filter>Source Files</Filter>
    </ClCompile>
    <ClCompile Include="controlhelpers.cpp">
      <Filter>Source Files</Filter>
    </ClCompile>
    <ClCompile Include="dsp_centercut.cpp">
      <Filter>Source Files</Filter>
    </ClCompile>
    <ClCompile Include="PositionHelper.cpp">
      <Filter>Source Files</Filter>
    </ClCompile>
    <ClCompile Include="Preset.cpp">
      <Filter>Source Files</Filter>
    </ClCompile>
  </ItemGroup>
  <ItemGroup>
    <ClInclude Include="Config.h">
      <Filter>Header Files</Filter>
    </ClInclude>
    <ClInclude Include="ConfigurationStore.h">
      <Filter>Header Files</Filter>
    </ClInclude>
    <ClInclude Include="ConfigWindow.h">
      <Filter>Header Files</Filter>
    </ClInclude>
    <ClInclude Include="controlhelpers.h">
      <Filter>Header Files</Filter>
    </ClInclude>
    <ClInclude Include="dsp_centercut.h">
      <Filter>Header Files</Filter>
    </ClInclude>
    <ClInclude Include="general.h">
      <Filter>Header Files</Filter>
    </ClInclude>
    <ClInclude Include="PositionHelper.h">
      <Filter>Header Files</Filter>
    </ClInclude>
    <ClInclude Include="Preset.h">
      <Filter>Header Files</Filter>
    </ClInclude>
    <ClInclude Include="resource.h">
      <Filter>Header Files</Filter>
    </ClInclude>
    <ClInclude Include="types.h">
      <Filter>Header Files</Filter>
    </ClInclude>
    <ClInclude Include="winamp_dsp.h">
      <Filter>Header Files</Filter>
    </ClInclude>
    <ClInclude Include="IView.h">
      <Filter>Header Files</Filter>
    </ClInclude>
  </ItemGroup>
  <ItemGroup>
    <ResourceCompile Include="dsp_centercut.rc">
      <Filter>Resources</Filter>
    </ResourceCompile>
  </ItemGroup>
</Project>