
Microsoft Visual Studio Solution File, Format Version 11.00
# Visual C++ Express 2010
Project("{8BC9CEB8-8B4A-11D0-8D11-00A0C91BC942}") = "core", "core\core.vcxproj", "{B9D92D13-3F93-4C38-A3EA-5DA143F2607F}"
EndProject
Project("{8BC9CEB8-8B4A-11D0-8D11-00A0C91BC942}") = "common", "common\common.vcxproj", "{2760A008-2CCF-4EFF-A942-5A3B3A93CD53}"
EndProject
Project("{8BC9CEB8-8B4A-11D0-8D11-00A0C91BC942}") = "configuration", "configuration\configuration.vcxproj", "{8EB8955E-DB3E-4135-A70E-2DA140D3722F}"
EndProject
Project("{8BC9CEB8-8B4A-11D0-8D11-00A0C91BC942}") = "coreTests", "coreTests\coreTests.vcxproj", "{E9427AF7-09BD-44CC-8184-56875A3797DC}"
EndProject
Project("{8BC9CEB8-8B4A-11D0-8D11-00A0C91BC942}") = "configurationTests", "configurationTests\configurationTests.vcxproj", "{9F10DDC1-3CEF-4AD6-82A9-785EC1D0B9CD}"
EndProject
Project("{8BC9CEB8-8B4A-11D0-8D11-00A0C91BC942}") = "testsCommon", "testsCommon\testsCommon.vcxproj", "{4FEE8024-D672-453E-8F10-16C071283B5C}"
EndProject
Project("{8BC9CEB8-8B4A-11D0-8D11-00A0C91BC942}") = "wrapper", "wrapper\wrapper.vcxproj", "{8B96409E-1F51-4338-9AC5-F713BDFB9684}"
EndProject
Project("{8BC9CEB8-8B4A-11D0-8D11-00A0C91BC942}") = "proba", "proba\proba.vcxproj", "{223DD38E-C0C6-4A11-8D33-76C69061FC85}"
EndProject
Project("{8BC9CEB8-8B4A-11D0-8D11-00A0C91BC942}") = "dsp_centercutplus", "dsp_centercutplus\dsp_centercutplus.vcxproj", "{E7D7B250-BF9C-49ED-B203-072EA6D8CCE4}"
EndProject
Global
	GlobalSection(SolutionConfigurationPlatforms) = preSolution
		Debug|Win32 = Debug|Win32
		Release|Win32 = Release|Win32
	EndGlobalSection
	GlobalSection(ProjectConfigurationPlatforms) = postSolution
		{B9D92D13-3F93-4C38-A3EA-5DA143F2607F}.Debug|Win32.ActiveCfg = Debug|Win32
		{B9D92D13-3F93-4C38-A3EA-5DA143F2607F}.Debug|Win32.Build.0 = Debug|Win32
		{B9D92D13-3F93-4C38-A3EA-5DA143F2607F}.Release|Win32.ActiveCfg = Release|Win32
		{B9D92D13-3F93-4C38-A3EA-5DA143F2607F}.Release|Win32.Build.0 = Release|Win32
		{2760A008-2CCF-4EFF-A942-5A3B3A93CD53}.Debug|Win32.ActiveCfg = Debug|Win32
		{2760A008-2CCF-4EFF-A942-5A3B3A93CD53}.Debug|Win32.Build.0 = Debug|Win32
		{2760A008-2CCF-4EFF-A942-5A3B3A93CD53}.Release|Win32.ActiveCfg = Release|Win32
		{2760A008-2CCF-4EFF-A942-5A3B3A93CD53}.Release|Win32.Build.0 = Release|Win32
		{8EB8955E-DB3E-4135-A70E-2DA140D3722F}.Debug|Win32.ActiveCfg = Debug|Win32
		{8EB8955E-DB3E-4135-A70E-2DA140D3722F}.Debug|Win32.Build.0 = Debug|Win32
		{8EB8955E-DB3E-4135-A70E-2DA140D3722F}.Release|Win32.ActiveCfg = Release|Win32
		{8EB8955E-DB3E-4135-A70E-2DA140D3722F}.Release|Win32.Build.0 = Release|Win32
		{E9427AF7-09BD-44CC-8184-56875A3797DC}.Debug|Win32.ActiveCfg = Debug|Win32
		{E9427AF7-09BD-44CC-8184-56875A3797DC}.Debug|Win32.Build.0 = Debug|Win32
		{E9427AF7-09BD-44CC-8184-56875A3797DC}.Release|Win32.ActiveCfg = Release|Win32
		{E9427AF7-09BD-44CC-8184-56875A3797DC}.Release|Win32.Build.0 = Release|Win32
		{9F10DDC1-3CEF-4AD6-82A9-785EC1D0B9CD}.Debug|Win32.ActiveCfg = Debug|Win32
		{9F10DDC1-3CEF-4AD6-82A9-785EC1D0B9CD}.Debug|Win32.Build.0 = Debug|Win32
		{9F10DDC1-3CEF-4AD6-82A9-785EC1D0B9CD}.Release|Win32.ActiveCfg = Release|Win32
		{9F10DDC1-3CEF-4AD6-82A9-785EC1D0B9CD}.Release|Win32.Build.0 = Release|Win32
		{4FEE8024-D672-453E-8F10-16C071283B5C}.Debug|Win32.ActiveCfg = Debug|Win32
		{4FEE8024-D672-453E-8F10-16C071283B5C}.Debug|Win32.Build.0 = Debug|Win32
		{4FEE8024-D672-453E-8F10-16C071283B5C}.Release|Win32.ActiveCfg = Release|Win32
		{4FEE8024-D672-453E-8F10-16C071283B5C}.Release|Win32.Build.0 = Release|Win32
		{8B96409E-1F51-4338-9AC5-F713BDFB9684}.Debug|Win32.ActiveCfg = Debug|Win32
		{8B96409E-1F51-4338-9AC5-F713BDFB9684}.Debug|Win32.Build.0 = Debug|Win32
		{8B96409E-1F51-4338-9AC5-F713BDFB9684}.Release|Win32.ActiveCfg = Release|Win32
		{8B96409E-1F51-4338-9AC5-F713BDFB9684}.Release|Win32.Build.0 = Release|Win32
		{223DD38E-C0C6-4A11-8D33-76C69061FC85}.Debug|Win32.ActiveCfg = Debug|Win32
		{223DD38E-C0C6-4A11-8D33-76C69061FC85}.Debug|Win32.Build.0 = Debug|Win32
		{223DD38E-C0C6-4A11-8D33-76C69061FC85}.Release|Win32.ActiveCfg = Release|Win32
		{223DD38E-C0C6-4A11-8D33-76C69061FC85}.Release|Win32.Build.0 = Release|Win32
		{E7D7B250-BF9C-49ED-B203-072EA6D8CCE4}.Debug|Win32.ActiveCfg = Debug|Win32
		{E7D7B250-BF9C-49ED-B203-072EA6D8CCE4}.Debug|Win32.Build.0 = Debug|Win32
		{E7D7B250-BF9C-49ED-B203-072EA6D8CCE4}.Release|Win32.ActiveCfg = Release|Win32
		{E7D7B250-BF9C-49ED-B203-072EA6D8CCE4}.Release|Win32.Build.0 = Release|Win32
	EndGlobalSection
	GlobalSection(SolutionProperties) = preSolution
		HideSolutionNode = FALSE
	EndGlobalSection
EndGlobal
